
Microsoft Visual Studio Solution File, Format Version 12.00
# Visual Studio 2012
Project("{8BC9CEB8-8B4A-11D0-8D11-00A0C91BC942}") = "mms", "mms\mms.vcxproj", "{6EE558D5-8018-4000-87EE-151CB6F73847}"
EndProject
Project("{2150E333-8FDC-42A3-9474-1A3956D46DE8}") = "Tests", "Tests", "{1FBBE9BC-DD90-492A-A134-65676D5F17A0}"
EndProject
Project("{8BC9CEB8-8B4A-11D0-8D11-00A0C91BC942}") = "gtest-md", "3rdParty\gtest-1.7.0\msvc\gtest-md.vcxproj", "{C8F6C172-56F2-4E76-B5FA-C3B423B31BE8}"
EndProject
Project("{8BC9CEB8-8B4A-11D0-8D11-00A0C91BC942}") = "emitTest", "tests\emitTest\emitTest.vcxproj", "{B3DDCE56-829A-483D-8C4E-49C6F04EA4EA}"
EndProject
Project("{8BC9CEB8-8B4A-11D0-8D11-00A0C91BC942}") = "gtest_main-md", "3rdParty\gtest-1.7.0\msvc\gtest_main-md.vcxproj", "{3AF54C8A-10BF-4332-9147-F68ED9862033}"
EndProject
Project("{8BC9CEB8-8B4A-11D0-8D11-00A0C91BC942}") = "intrusiveTreeTest", "tests\intrusiveTreeTest\intrusiveTreeTest.vcxproj", "{3CC00D12-7FEB-4EFF-8120-5C9E64880DEB}"
EndProject
Project("{8BC9CEB8-8B4A-11D0-8D11-00A0C91BC942}") = "StructureStorage", "StructureStorage\StructureStorage.vcxproj", "{F3E91A35-BDBC-4C6A-89A6-CADD5FE181DA}"
EndProject
Project("{8BC9CEB8-8B4A-11D0-8D11-00A0C91BC942}") = "PDUTest", "tests\PDUTest\PDUTest.vcxproj", "{3CBCC67A-BF2B-464A-9374-D715E30D3C7B}"
EndProject
Project("{8BC9CEB8-8B4A-11D0-8D11-00A0C91BC942}") = "fetchTest", "tests\fetchTest\fetchTest.vcxproj", "{E6A3D615-3053-4848-83AF-76745FB57483}"
EndProject
Project("{2150E333-8FDC-42A3-9474-1A3956D46DE8}") = "Solution Items", "Solution Items", "{1DA7F1E6-35B0-4D47-BEC6-CD802DDD593C}"
	ProjectSection(SolutionItems) = preProject
		boost.props = boost.props
		gtest.props = gtest.props
		solution.props = solution.props
	EndProjectSection
EndProject
Global
	GlobalSection(SolutionConfigurationPlatforms) = preSolution
		Debug|Win32 = Debug|Win32
		Release|Win32 = Release|Win32
	EndGlobalSection
	GlobalSection(ProjectConfigurationPlatforms) = postSolution
		{6EE558D5-8018-4000-87EE-151CB6F73847}.Debug|Win32.ActiveCfg = Debug|Win32
		{6EE558D5-8018-4000-87EE-151CB6F73847}.Debug|Win32.Build.0 = Debug|Win32
		{6EE558D5-8018-4000-87EE-151CB6F73847}.Release|Win32.ActiveCfg = Release|Win32
		{6EE558D5-8018-4000-87EE-151CB6F73847}.Release|Win32.Build.0 = Release|Win32
		{C8F6C172-56F2-4E76-B5FA-C3B423B31BE8}.Debug|Win32.ActiveCfg = Debug|Win32
		{C8F6C172-56F2-4E76-B5FA-C3B423B31BE8}.Debug|Win32.Build.0 = Debug|Win32
		{C8F6C172-56F2-4E76-B5FA-C3B423B31BE8}.Release|Win32.ActiveCfg = Release|Win32
		{C8F6C172-56F2-4E76-B5FA-C3B423B31BE8}.Release|Win32.Build.0 = Release|Win32
		{B3DDCE56-829A-483D-8C4E-49C6F04EA4EA}.Debug|Win32.ActiveCfg = Debug|Win32
		{B3DDCE56-829A-483D-8C4E-49C6F04EA4EA}.Debug|Win32.Build.0 = Debug|Win32
		{B3DDCE56-829A-483D-8C4E-49C6F04EA4EA}.Release|Win32.ActiveCfg = Release|Win32
		{B3DDCE56-829A-483D-8C4E-49C6F04EA4EA}.Release|Win32.Build.0 = Release|Win32
		{3AF54C8A-10BF-4332-9147-F68ED9862033}.Debug|Win32.ActiveCfg = Debug|Win32
		{3AF54C8A-10BF-4332-9147-F68ED9862033}.Debug|Win32.Build.0 = Debug|Win32
		{3AF54C8A-10BF-4332-9147-F68ED9862033}.Release|Win32.ActiveCfg = Release|Win32
		{3AF54C8A-10BF-4332-9147-F68ED9862033}.Release|Win32.Build.0 = Release|Win32
		{3CC00D12-7FEB-4EFF-8120-5C9E64880DEB}.Debug|Win32.ActiveCfg = Debug|Win32
		{3CC00D12-7FEB-4EFF-8120-5C9E64880DEB}.Debug|Win32.Build.0 = Debug|Win32
		{3CC00D12-7FEB-4EFF-8120-5C9E64880DEB}.Release|Win32.ActiveCfg = Release|Win32
		{3CC00D12-7FEB-4EFF-8120-5C9E64880DEB}.Release|Win32.Build.0 = Release|Win32
		{F3E91A35-BDBC-4C6A-89A6-CADD5FE181DA}.Debug|Win32.ActiveCfg = Debug|Win32
		{F3E91A35-BDBC-4C6A-89A6-CADD5FE181DA}.Debug|Win32.Build.0 = Debug|Win32
		{F3E91A35-BDBC-4C6A-89A6-CADD5FE181DA}.Release|Win32.ActiveCfg = Release|Win32
		{F3E91A35-BDBC-4C6A-89A6-CADD5FE181DA}.Release|Win32.Build.0 = Release|Win32
		{3CBCC67A-BF2B-464A-9374-D715E30D3C7B}.Debug|Win32.ActiveCfg = Debug|Win32
		{3CBCC67A-BF2B-464A-9374-D715E30D3C7B}.Debug|Win32.Build.0 = Debug|Win32
		{3CBCC67A-BF2B-464A-9374-D715E30D3C7B}.Release|Win32.ActiveCfg = Release|Win32
		{3CBCC67A-BF2B-464A-9374-D715E30D3C7B}.Release|Win32.Build.0 = Release|Win32
		{E6A3D615-3053-4848-83AF-76745FB57483}.Debug|Win32.ActiveCfg = Debug|Win32
		{E6A3D615-3053-4848-83AF-76745FB57483}.Debug|Win32.Build.0 = Debug|Win32
		{E6A3D615-3053-4848-83AF-76745FB57483}.Release|Win32.ActiveCfg = Release|Win32
		{E6A3D615-3053-4848-83AF-76745FB57483}.Release|Win32.Build.0 = Release|Win32
	EndGlobalSection
	GlobalSection(SolutionProperties) = preSolution
		HideSolutionNode = FALSE
	EndGlobalSection
	GlobalSection(NestedProjects) = preSolution
		{C8F6C172-56F2-4E76-B5FA-C3B423B31BE8} = {1FBBE9BC-DD90-492A-A134-65676D5F17A0}
		{B3DDCE56-829A-483D-8C4E-49C6F04EA4EA} = {1FBBE9BC-DD90-492A-A134-65676D5F17A0}
		{3AF54C8A-10BF-4332-9147-F68ED9862033} = {1FBBE9BC-DD90-492A-A134-65676D5F17A0}
		{3CC00D12-7FEB-4EFF-8120-5C9E64880DEB} = {1FBBE9BC-DD90-492A-A134-65676D5F17A0}
		{3CBCC67A-BF2B-464A-9374-D715E30D3C7B} = {1FBBE9BC-DD90-492A-A134-65676D5F17A0}
		{E6A3D615-3053-4848-83AF-76745FB57483} = {1FBBE9BC-DD90-492A-A134-65676D5F17A0}
	EndGlobalSection
EndGlobal
